
Microsoft Visual Studio Solution File, Format Version 12.00
# Visual Studio 2013
VisualStudioVersion = 12.0.40629.0
MinimumVisualStudioVersion = 10.0.40219.1
Project("{FAE04EC0-301F-11D3-BF4B-00C04F79EFBC}") = "HelloWorldGit", "HelloWorldGit\HelloWorldGit.csproj", "{EB8D79B1-3F9C-44E1-A4C5-8DCDC329C181}"
EndProject
Project("{FAE04EC0-301F-11D3-BF4B-00C04F79EFBC}") = "Cars.Model", "Cars.Model\Cars.Model.csproj", "{F8FEFD02-00A8-4B11-AD5B-C42CDF3D25F7}"
EndProject
Project("{FAE04EC0-301F-11D3-BF4B-00C04F79EFBC}") = "Cars.View.WinForms", "Cars.View.WinForms\Cars.View.WinForms.csproj", "{346AB183-2671-456C-A7E9-16C6A7134130}"
EndProject
Global
	GlobalSection(SolutionConfigurationPlatforms) = preSolution
		Debug|Any CPU = Debug|Any CPU
		Release|Any CPU = Release|Any CPU
	EndGlobalSection
	GlobalSection(ProjectConfigurationPlatforms) = postSolution
		{EB8D79B1-3F9C-44E1-A4C5-8DCDC329C181}.Debug|Any CPU.ActiveCfg = Debug|Any CPU
		{EB8D79B1-3F9C-44E1-A4C5-8DCDC329C181}.Debug|Any CPU.Build.0 = Debug|Any CPU
		{EB8D79B1-3F9C-44E1-A4C5-8DCDC329C181}.Release|Any CPU.ActiveCfg = Release|Any CPU
		{EB8D79B1-3F9C-44E1-A4C5-8DCDC329C181}.Release|Any CPU.Build.0 = Release|Any CPU
		{F8FEFD02-00A8-4B11-AD5B-C42CDF3D25F7}.Debug|Any CPU.ActiveCfg = Debug|Any CPU
		{F8FEFD02-00A8-4B11-AD5B-C42CDF3D25F7}.Debug|Any CPU.Build.0 = Debug|Any CPU
		{F8FEFD02-00A8-4B11-AD5B-C42CDF3D25F7}.Release|Any CPU.ActiveCfg = Release|Any CPU
		{F8FEFD02-00A8-4B11-AD5B-C42CDF3D25F7}.Release|Any CPU.Build.0 = Release|Any CPU
		{346AB183-2671-456C-A7E9-16C6A7134130}.Debug|Any CPU.ActiveCfg = Debug|Any CPU
		{346AB183-2671-456C-A7E9-16C6A7134130}.Debug|Any CPU.Build.0 = Debug|Any CPU
		{346AB183-2671-456C-A7E9-16C6A7134130}.Release|Any CPU.ActiveCfg = Release|Any CPU
		{346AB183-2671-456C-A7E9-16C6A7134130}.Release|Any CPU.Build.0 = Release|Any CPU
	EndGlobalSection
	GlobalSection(SolutionProperties) = preSolution
		HideSolutionNode = FALSE
	EndGlobalSection
EndGlobal
